# THIS IS AN AUTOGENERATED FILE. DO NOT EDIT THIS FILE DIRECTLY.
# yarn lockfile v1


"@types/zen-observable@^0.8.0":
  version "0.8.0"
  resolved "https://registry.yarnpkg.com/@types/zen-observable/-/zen-observable-0.8.0.tgz#8b63ab7f1aa5321248aad5ac890a485656dcea4d"
  integrity sha512-te5lMAWii1uEJ4FwLjzdlbw3+n0FZNOvFXHxQDKeT0dilh7HOzdMzV2TrJVUzq8ep7J4Na8OUYPRLSQkJHAlrg==

apollo-angular-link-http-common@~1.5.0:
  version "1.5.0"
  resolved "https://registry.yarnpkg.com/apollo-angular-link-http-common/-/apollo-angular-link-http-common-1.5.0.tgz#67043da828fa474c0e7f98c52eed5cdf7d0aad30"
  integrity sha512-N/+0BYAbHS16YFghQTaTrbsunKRCB8bjip11NmS9waWNGODbAJHn0oW813MoWpLV8TynaWz1VZRTu5RHkzDlAg==
  dependencies:
    tslib "^1.9.0"

apollo-angular-link-http@^1.5.0:
  version "1.5.0"
  resolved "https://registry.yarnpkg.com/apollo-angular-link-http/-/apollo-angular-link-http-1.5.0.tgz#55411ed97f1f8356ebed5c0ae96f08dbaf3e064c"
  integrity sha512-CCDem+mRPn0UbRL2vkHIU6G/aqXfMTMP1Apte6ucvxUOy91jV5gnwc+nB8lZdCxUQNPO1ZWyJAY1F0SyVeYeDw==
  dependencies:
    apollo-angular-link-http-common "~1.5.0"
    tslib "^1.9.0"

apollo-angular@^1.5.0:
  version "1.5.0"
  resolved "https://registry.yarnpkg.com/apollo-angular/-/apollo-angular-1.5.0.tgz#da653b76189fb72ea801c51996ea87fe19aa064f"
  integrity sha512-zAyMev+bU7cdqRm2AbAH0hJqJOVRN/PpllJ+eqqA0O9dV570RUs2sGehn3dtOcwPHNRof/qrCRoWBEwGrP6hog==
  dependencies:
    semver "^5.5.1"
    tslib "^1.9.0"

apollo-cache-inmemory@^1.4.2:
  version "1.5.1"
  resolved "https://registry.yarnpkg.com/apollo-cache-inmemory/-/apollo-cache-inmemory-1.5.1.tgz#265d1ee67b0bf0aca9c37629d410bfae44e62953"
  integrity sha512-D3bdpPmWfaKQkWy8lfwUg+K8OBITo3sx0BHLs1B/9vIdOIZ7JNCKq3EUcAgAfInomJUdN0QG1yOfi8M8hxkN1g==
  dependencies:
    apollo-cache "^1.2.1"
    apollo-utilities "^1.2.1"
    optimism "^0.6.9"
    ts-invariant "^0.2.1"
    tslib "^1.9.3"

apollo-cache@1.2.1, apollo-cache@^1.2.1:
  version "1.2.1"
  resolved "https://registry.yarnpkg.com/apollo-cache/-/apollo-cache-1.2.1.tgz#aae71eb4a11f1f7322adc343f84b1a39b0693644"
  integrity sha512-nzFmep/oKlbzUuDyz6fS6aYhRmfpcHWqNkkA9Bbxwk18RD6LXC4eZkuE0gXRX0IibVBHNjYVK+Szi0Yied4SpQ==
  dependencies:
    apollo-utilities "^1.2.1"
    tslib "^1.9.3"

apollo-client@^2.4.12:
  version "2.5.1"
  resolved "https://registry.yarnpkg.com/apollo-client/-/apollo-client-2.5.1.tgz#36126ed1d32edd79c3713c6684546a3bea80e6d1"
  integrity sha512-MNcQKiqLHdGmNJ0rZ0NXaHrToXapJgS/5kPk0FygXt+/FmDCdzqcujI7OPxEC6e9Yw5S/8dIvOXcRNuOMElHkA==
  dependencies:
    "@types/zen-observable" "^0.8.0"
    apollo-cache "1.2.1"
    apollo-link "^1.0.0"
    apollo-link-dedup "^1.0.0"
    apollo-utilities "1.2.1"
    symbol-observable "^1.0.2"
    ts-invariant "^0.2.1"
    tslib "^1.9.3"
    zen-observable "^0.8.0"

apollo-link-dedup@^1.0.0:
  version "1.0.18"
  resolved "https://registry.yarnpkg.com/apollo-link-dedup/-/apollo-link-dedup-1.0.18.tgz#635cb5659b082e7f270f7649c4b0f71021f7bb4b"
  integrity sha512-1rr54wyMTuqUmbWvcXbwduIcaCDcuIgU6MqQ599nAMuTrbSOXthGfoAD8BDTxBGQ9roVlM7ABP0VZVEWRoHWSg==
  dependencies:
    apollo-link "^1.2.11"
    tslib "^1.9.3"

apollo-link@^1.0.0, apollo-link@^1.2.11, apollo-link@^1.2.8:
  version "1.2.11"
  resolved "https://registry.yarnpkg.com/apollo-link/-/apollo-link-1.2.11.tgz#493293b747ad3237114ccd22e9f559e5e24a194d"
  integrity sha512-PQvRCg13VduLy3X/0L79M6uOpTh5iHdxnxYuo8yL7sJlWybKRJwsv4IcRBJpMFbChOOaHY7Og9wgPo6DLKDKDA==
  dependencies:
    apollo-utilities "^1.2.1"
    ts-invariant "^0.3.2"
    tslib "^1.9.3"
    zen-observable-ts "^0.8.18"

apollo-utilities@1.2.1, apollo-utilities@^1.2.1:
  version "1.2.1"
  resolved "https://registry.yarnpkg.com/apollo-utilities/-/apollo-utilities-1.2.1.tgz#1c3a1ebf5607d7c8efe7636daaf58e7463b41b3c"
  integrity sha512-Zv8Udp9XTSFiN8oyXOjf6PMHepD4yxxReLsl6dPUy5Ths7jti3nmlBzZUOxuTWRwZn0MoclqL7RQ5UEJN8MAxg==
  dependencies:
    fast-json-stable-stringify "^2.0.0"
    ts-invariant "^0.2.1"
    tslib "^1.9.3"

fast-json-stable-stringify@^2.0.0:
  version "2.0.0"
  resolved "https://registry.yarnpkg.com/fast-json-stable-stringify/-/fast-json-stable-stringify-2.0.0.tgz#d5142c0caee6b1189f87d3a76111064f86c8bbf2"
  integrity sha1-1RQsDK7msRifh9OnYREGT4bIu/I=

immutable-tuple@^0.4.9:
  version "0.4.10"
  resolved "https://registry.yarnpkg.com/immutable-tuple/-/immutable-tuple-0.4.10.tgz#e0b1625384f514084a7a84b749a3bb26e9179929"
  integrity sha512-45jheDbc3Kr5Cw8EtDD+4woGRUV0utIrJBZT8XH0TPZRfm8tzT0/sLGGzyyCCFqFMG5Pv5Igf3WY/arn6+8V9Q==

optimism@^0.6.9:
  version "0.6.9"
  resolved "https://registry.yarnpkg.com/optimism/-/optimism-0.6.9.tgz#19258ff8b3be0cea29ac35f06bff818e026e30bb"
  integrity sha512-xoQm2lvXbCA9Kd7SCx6y713Y7sZ6fUc5R6VYpoL5M6svKJbTuvtNopexK8sO8K4s0EOUYHuPN2+yAEsNyRggkQ==
  dependencies:
    immutable-tuple "^0.4.9"

semver@^5.5.1:
  version "5.6.0"
  resolved "https://registry.yarnpkg.com/semver/-/semver-5.6.0.tgz#7e74256fbaa49c75aa7c7a205cc22799cac80004"
  integrity sha512-RS9R6R35NYgQn++fkDWaOmqGoj4Ek9gGs+DPxNUZKuwE183xjJroKvyo1IzVFeXvUrvmALy6FWD5xrdJT25gMg==

symbol-observable@^1.0.2:
  version "1.2.0"
  resolved "https://registry.yarnpkg.com/symbol-observable/-/symbol-observable-1.2.0.tgz#c22688aed4eab3cdc2dfeacbb561660560a00804"
  integrity sha512-e900nM8RRtGhlV36KGEU9k65K3mPb1WV70OdjfxlG2EAuM1noi/E/BaW/uMhL7bPEssK8QV57vN3esixjUvcXQ==

ts-invariant@^0.2.1:
  version "0.2.1"
  resolved "https://registry.yarnpkg.com/ts-invariant/-/ts-invariant-0.2.1.tgz#3d587f9d6e3bded97bf9ec17951dd9814d5a9d3f"
  integrity sha512-Z/JSxzVmhTo50I+LKagEISFJW3pvPCqsMWLamCTX8Kr3N5aMrnGOqcflbe5hLUzwjvgPfnLzQtHZv0yWQ+FIHg==
  dependencies:
    tslib "^1.9.3"

ts-invariant@^0.3.2:
  version "0.3.2"
  resolved "https://registry.yarnpkg.com/ts-invariant/-/ts-invariant-0.3.2.tgz#89a2ffeb70879b777258df1df1c59383c35209b0"
  integrity sha512-QsY8BCaRnHiB5T6iE4DPlJMAKEG3gzMiUco9FEt1jUXQf0XP6zi0idT0i0rMTu8A326JqNSDsmlkA9dRSh1TRg==
  dependencies:
    tslib "^1.9.3"

tslib@^1.9.0, tslib@^1.9.3:
  version "1.9.3"
  resolved "https://registry.yarnpkg.com/tslib/-/tslib-1.9.3.tgz#d7e4dd79245d85428c4d7e4822a79917954ca286"
  integrity sha512-4krF8scpejhaOgqzBEcGM7yDIEfi0/8+8zDRZhNZZ2kjmHJ4hv3zCbQWxoJGz1iw5U0Jl0nma13xzHXcncMavQ==

turretcss@^5.1.3:
  version "5.1.3"
  resolved "https://registry.yarnpkg.com/turretcss/-/turretcss-5.1.3.tgz#e9f7b485b6828209ce6287adafe3b347a0e0c3fa"
  integrity sha512-tFzMagg4Nkf0a+OU2F7xcMKOMWlWeiSoMKNbNVZ2TsFZ3U1xEZtVOpAo7biQvf5ZibMk3ESmg2RWJfuKYmmzwg==

zen-observable-ts@^0.8.18:
  version "0.8.18"
  resolved "https://registry.yarnpkg.com/zen-observable-ts/-/zen-observable-ts-0.8.18.tgz#ade44b1060cc4a800627856ec10b9c67f5f639c8"
  integrity sha512-q7d05s75Rn1j39U5Oapg3HI2wzriVwERVo4N7uFGpIYuHB9ff02P/E92P9B8T7QVC93jCMHpbXH7X0eVR5LA7A==
  dependencies:
    tslib "^1.9.3"
    zen-observable "^0.8.0"

zen-observable@^0.8.0:
  version "0.8.13"
  resolved "https://registry.yarnpkg.com/zen-observable/-/zen-observable-0.8.13.tgz#a9f1b9dbdfd2d60a08761ceac6a861427d44ae2e"
  integrity sha512-fa+6aDUVvavYsefZw0zaZ/v3ckEtMgCFi30sn91SEZea4y/6jQp05E3omjkX91zV6RVdn15fqnFZ6RKjRGbp2g==
